
Microsoft Visual Studio Solution File, Format Version 12.00
# Visual Studio Version 17
VisualStudioVersion = 17.5.002.0
MinimumVisualStudioVersion = 10.0.40219.1
Project("{9A19103F-16F7-4668-BE54-9A1E7A4F7556}") = "HienThiCacLoaiHinh", "HienThiCacLoaiHinh.csproj", "{E9E401C3-7698-49FF-ADD4-E023CF73BF42}"
EndProject
Global
	GlobalSection(SolutionConfigurationPlatforms) = preSolution
		Debug|Any CPU = Debug|Any CPU
		Release|Any CPU = Release|Any CPU
	EndGlobalSection
	GlobalSection(ProjectConfigurationPlatforms) = postSolution
		{E9E401C3-7698-49FF-ADD4-E023CF73BF42}.Debug|Any CPU.ActiveCfg = Debug|Any CPU
		{E9E401C3-7698-49FF-ADD4-E023CF73BF42}.Debug|Any CPU.Build.0 = Debug|Any CPU
		{E9E401C3-7698-49FF-ADD4-E023CF73BF42}.Release|Any CPU.ActiveCfg = Release|Any CPU
		{E9E401C3-7698-49FF-ADD4-E023CF73BF42}.Release|Any CPU.Build.0 = Release|Any CPU
	EndGlobalSection
	GlobalSection(SolutionProperties) = preSolution
		HideSolutionNode = FALSE
	EndGlobalSection
	GlobalSection(ExtensibilityGlobals) = postSolution
		SolutionGuid = {ACD77CD9-143C-4974-8923-9152AEECFD01}
	EndGlobalSection
EndGlobal
